
Microsoft Visual Studio Solution File, Format Version 12.00
# Visual Studio 14
VisualStudioVersion = 14.0.25420.1
MinimumVisualStudioVersion = 10.0.40219.1
Project("{FAE04EC0-301F-11D3-BF4B-00C04F79EFBC}") = "UI", "UI\UI.csproj", "{D31A12B6-6480-45C5-8EE2-7F2C584CDD99}"
EndProject
Project("{FAE04EC0-301F-11D3-BF4B-00C04F79EFBC}") = "BLL", "BLL\BLL.csproj", "{3AA0A4CD-FACC-413A-8779-57AA41C394D4}"
EndProject
Project("{FAE04EC0-301F-11D3-BF4B-00C04F79EFBC}") = "DAL", "DAL\DAL.csproj", "{34D9D7D4-6EFF-4C46-91CA-172E509FDBD2}"
EndProject
Project("{FAE04EC0-301F-11D3-BF4B-00C04F79EFBC}") = "BE", "BE\BE.csproj", "{5CAFA54A-4CED-43E4-8C65-49863507E49A}"
EndProject
Global
	GlobalSection(SolutionConfigurationPlatforms) = preSolution
		Debug|Any CPU = Debug|Any CPU
		Release|Any CPU = Release|Any CPU
	EndGlobalSection
	GlobalSection(ProjectConfigurationPlatforms) = postSolution
		{D31A12B6-6480-45C5-8EE2-7F2C584CDD99}.Debug|Any CPU.ActiveCfg = Debug|Any CPU
		{D31A12B6-6480-45C5-8EE2-7F2C584CDD99}.Debug|Any CPU.Build.0 = Debug|Any CPU
		{D31A12B6-6480-45C5-8EE2-7F2C584CDD99}.Release|Any CPU.ActiveCfg = Release|Any CPU
		{D31A12B6-6480-45C5-8EE2-7F2C584CDD99}.Release|Any CPU.Build.0 = Release|Any CPU
		{3AA0A4CD-FACC-413A-8779-57AA41C394D4}.Debug|Any CPU.ActiveCfg = Debug|Any CPU
		{3AA0A4CD-FACC-413A-8779-57AA41C394D4}.Debug|Any CPU.Build.0 = Debug|Any CPU
		{3AA0A4CD-FACC-413A-8779-57AA41C394D4}.Release|Any CPU.ActiveCfg = Release|Any CPU
		{3AA0A4CD-FACC-413A-8779-57AA41C394D4}.Release|Any CPU.Build.0 = Release|Any CPU
		{34D9D7D4-6EFF-4C46-91CA-172E509FDBD2}.Debug|Any CPU.ActiveCfg = Debug|Any CPU
		{34D9D7D4-6EFF-4C46-91CA-172E509FDBD2}.Debug|Any CPU.Build.0 = Debug|Any CPU
		{34D9D7D4-6EFF-4C46-91CA-172E509FDBD2}.Release|Any CPU.ActiveCfg = Release|Any CPU
		{34D9D7D4-6EFF-4C46-91CA-172E509FDBD2}.Release|Any CPU.Build.0 = Release|Any CPU
		{5CAFA54A-4CED-43E4-8C65-49863507E49A}.Debug|Any CPU.ActiveCfg = Debug|Any CPU
		{5CAFA54A-4CED-43E4-8C65-49863507E49A}.Debug|Any CPU.Build.0 = Debug|Any CPU
		{5CAFA54A-4CED-43E4-8C65-49863507E49A}.Release|Any CPU.ActiveCfg = Release|Any CPU
		{5CAFA54A-4CED-43E4-8C65-49863507E49A}.Release|Any CPU.Build.0 = Release|Any CPU
	EndGlobalSection
	GlobalSection(SolutionProperties) = preSolution
		HideSolutionNode = FALSE
	EndGlobalSection
EndGlobal
